
Microsoft Visual Studio Solution File, Format Version 12.00
# Visual Studio 2012
Project("{FAE04EC0-301F-11D3-BF4B-00C04F79EFBC}") = "NS.MongoTransaction.WebFrontEnd", "NS.MongoTransaction.WebFrontEnd\NS.MongoTransaction.WebFrontEnd.csproj", "{17787935-8B53-48E6-9F3E-710B26892AC0}"
EndProject
Project("{FAE04EC0-301F-11D3-BF4B-00C04F79EFBC}") = "NS.MongoTransaction.Common", "NS.MongoTransaction.Common\NS.MongoTransaction.Common.csproj", "{77BBAF5F-A339-4AC0-A72C-04661EB3188B}"
EndProject
Global
	GlobalSection(SolutionConfigurationPlatforms) = preSolution
		Debug|Any CPU = Debug|Any CPU
		Release|Any CPU = Release|Any CPU
	EndGlobalSection
	GlobalSection(ProjectConfigurationPlatforms) = postSolution
		{17787935-8B53-48E6-9F3E-710B26892AC0}.Debug|Any CPU.ActiveCfg = Debug|Any CPU
		{17787935-8B53-48E6-9F3E-710B26892AC0}.Debug|Any CPU.Build.0 = Debug|Any CPU
		{17787935-8B53-48E6-9F3E-710B26892AC0}.Release|Any CPU.ActiveCfg = Release|Any CPU
		{17787935-8B53-48E6-9F3E-710B26892AC0}.Release|Any CPU.Build.0 = Release|Any CPU
		{77BBAF5F-A339-4AC0-A72C-04661EB3188B}.Debug|Any CPU.ActiveCfg = Debug|Any CPU
		{77BBAF5F-A339-4AC0-A72C-04661EB3188B}.Debug|Any CPU.Build.0 = Debug|Any CPU
		{77BBAF5F-A339-4AC0-A72C-04661EB3188B}.Release|Any CPU.ActiveCfg = Release|Any CPU
		{77BBAF5F-A339-4AC0-A72C-04661EB3188B}.Release|Any CPU.Build.0 = Release|Any CPU
	EndGlobalSection
	GlobalSection(SolutionProperties) = preSolution
		HideSolutionNode = FALSE
	EndGlobalSection
EndGlobal
